{
  "name": "static",
  "version": "1.0.0",
  "lockfileVersion": 1,
  "requires": true,
  "dependencies": {
    "exifr": {
      "version": "7.1.2",
      "resolved": "https://registry.npmjs.org/exifr/-/exifr-7.1.2.tgz",
      "integrity": "sha512-XZRvQJFJVeMfb6BLY755MoOBq+V644nzxRPjZ8G5+qvBi0nfcT1n2OdA4CshBKTF12fC1RQM9cpiKtQ/LwFLog=="
    }
  }
}
